<?xml version="1.0" encoding="utf-8"?>
<Project ToolsVersion="4.0" xmlns="http://schemas.microsoft.com/developer/msbuild/2003">
  <ItemGroup>
    <Filter Include="Source Files">
      <UniqueIdentifier>{4FC737F1-C7A5-4376-A066-2A32D752A2FF}</UniqueIdentifier>
      <Extensions>cpp;c;cc;cxx;c++;cppm;ixx;def;odl;idl;hpj;bat;asm;asmx</Extensions>
    </Filter>
    <Filter Include="Header Files">
      <UniqueIdentifier>{93995380-89BD-4b04-88EB-625FBE52EBFB}</UniqueIdentifier>
      <Extensions>h;hh;hpp;hxx;h++;hm;inl;inc;ipp;xsd</Extensions>
    </Filter>
    <Filter Include="Resource Files">
      <UniqueIdentifier>{67DA6AB6-F800-4c08-8B7A-83BB121AAD01}</UniqueIdentifier>
      <Extensions>rc;ico;cur;bmp;dlg;rc2;rct;bin;rgs;gif;jpg;jpeg;jpe;resx;tiff;tif;png;wav;mfcribbon-ms</Extensions>
    </Filter>
  </ItemGroup>
  <ItemGroup>
    <ClCompile Include="main.cpp">
      <Filter>Source Files</Filter>
    </ClCompile>
    <ClCompile Include="display.cpp">
      <Filter>Source Files</Filter>
    </ClCompile>
    <ClCompile Include="szereplo.cpp">
      <Filter>Source Files</Filter>
    </ClCompile>
    <ClCompile Include="tanarur_szereplo.cpp">
      <Filter>Source Files</Filter>
    </ClCompile>
    <ClCompile Include="tibor_szereplo.cpp">
      <Filter>Source Files</Filter>
    </ClCompile>
    <ClCompile Include="csiga.cpp">
      <Filter>Source Files</Filter>
    </ClCompile>
    <ClCompile Include="dani_szereplo.cpp">
      <Filter>Source Files</Filter>
    </ClCompile>
    <ClCompile Include="kristof_szereplo.cpp">
      <Filter>Source Files</Filter>
    </ClCompile>
    <ClCompile Include="jobbrolbalra.cpp">
      <Filter>Source Files</Filter>
    </ClCompile>
    <ClCompile Include="gabor_szereplo.cpp">
      <Filter>Source Files</Filter>
    </ClCompile>
    <ClCompile Include="listakezeles.cpp">
      <Filter>Source Files</Filter>
    </ClCompile>
    <ClCompile Include="utkozes.cpp">
      <Filter>Source Files</Filter>
    </ClCompile>
  </ItemGroup>
  <ItemGroup>
    <ClInclude Include="display.h">
      <Filter>Header Files</Filter>
    </ClInclude>
    <ClInclude Include="szereplo.h">
      <Filter>Header Files</Filter>
    </ClInclude>
    <ClInclude Include="tanarur_szereplo.h">
      <Filter>Header Files</Filter>
    </ClInclude>
    <ClInclude Include="tibor_szereplo.h">
      <Filter>Header Files</Filter>
    </ClInclude>
    <ClInclude Include="csiga.h">
      <Filter>Header Files</Filter>
    </ClInclude>
    <ClInclude Include="kristof_szereplo.h">
      <Filter>Header Files</Filter>
    </ClInclude>
    <ClInclude Include="dani_szereplo.h">
      <Filter>Header Files</Filter>
    </ClInclude>
    <ClInclude Include="jobbrolbalra.h">
      <Filter>Header Files</Filter>
    </ClInclude>
    <ClInclude Include="gabor_szereplo.h">
      <Filter>Header Files</Filter>
    </ClInclude>
    <ClInclude Include="listakezeles.h">
      <Filter>Header Files</Filter>
    </ClInclude>
    <ClInclude Include="utkozes.h">
      <Filter>Header Files</Filter>
    </ClInclude>
    <ClInclude Include="celvonal.h">
      <Filter>Header Files</Filter>
    </ClInclude>
    <ClInclude Include="visszaszamol.h">
      <Filter>Header Files</Filter>
    </ClInclude>
    <ClInclude Include="help.h">
      <Filter>Header Files</Filter>
    </ClInclude>
  </ItemGroup>
</Project>